
Microsoft Visual Studio Solution File, Format Version 12.00
# Visual Studio Version 17
VisualStudioVersion = 17.5.33516.290
MinimumVisualStudioVersion = 10.0.40219.1
Project("{2150E333-8FDC-42A3-9474-1A3956D46DE8}") = "0 - Presentation", "0 - Presentation", "{341FE9F5-66D1-4CE8-B750-8F6E4413F4B6}"
EndProject
Project("{2150E333-8FDC-42A3-9474-1A3956D46DE8}") = "1 - Application", "1 - Application", "{47BF472A-DB59-41AC-89AA-3B296B8335FF}"
EndProject
Project("{2150E333-8FDC-42A3-9474-1A3956D46DE8}") = "2 - Domain", "2 - Domain", "{7141D0F2-B393-4033-82B5-FDB684D6C023}"
EndProject
Project("{2150E333-8FDC-42A3-9474-1A3956D46DE8}") = "3 - Infrastructure", "3 - Infrastructure", "{5FFBB3D5-0AA3-4238-B8F7-00189180919D}"
EndProject
Project("{9A19103F-16F7-4668-BE54-9A1E7A4F7556}") = "Dev_Email_Management.MVC", "Dev_Email_Management.MVC\Dev_Email_Management.MVC.csproj", "{059E514B-968E-4697-A858-1B24B8873FA1}"
	ProjectSection(ProjectDependencies) = postProject
		{A5B5AB0D-90ED-46AC-8E2E-3731E851F90A} = {A5B5AB0D-90ED-46AC-8E2E-3731E851F90A}
	EndProjectSection
EndProject
Project("{9A19103F-16F7-4668-BE54-9A1E7A4F7556}") = "Dev_Email_Management.Domain", "Dev_Email_Management.Domain\Dev_Email_Management.Domain.csproj", "{A5B5AB0D-90ED-46AC-8E2E-3731E851F90A}"
EndProject
Project("{9A19103F-16F7-4668-BE54-9A1E7A4F7556}") = "Dev_Email_Management.Infrastructure", "Dev_Email_Management.Infrastructure\Dev_Email_Management.Infrastructure.csproj", "{CACDC011-CFC6-45C0-AD92-0192AD153A2D}"
EndProject
Global
	GlobalSection(SolutionConfigurationPlatforms) = preSolution
		Debug|Any CPU = Debug|Any CPU
		Release|Any CPU = Release|Any CPU
	EndGlobalSection
	GlobalSection(ProjectConfigurationPlatforms) = postSolution
		{059E514B-968E-4697-A858-1B24B8873FA1}.Debug|Any CPU.ActiveCfg = Debug|Any CPU
		{059E514B-968E-4697-A858-1B24B8873FA1}.Debug|Any CPU.Build.0 = Debug|Any CPU
		{059E514B-968E-4697-A858-1B24B8873FA1}.Release|Any CPU.ActiveCfg = Release|Any CPU
		{059E514B-968E-4697-A858-1B24B8873FA1}.Release|Any CPU.Build.0 = Release|Any CPU
		{A5B5AB0D-90ED-46AC-8E2E-3731E851F90A}.Debug|Any CPU.ActiveCfg = Debug|Any CPU
		{A5B5AB0D-90ED-46AC-8E2E-3731E851F90A}.Debug|Any CPU.Build.0 = Debug|Any CPU
		{A5B5AB0D-90ED-46AC-8E2E-3731E851F90A}.Release|Any CPU.ActiveCfg = Release|Any CPU
		{A5B5AB0D-90ED-46AC-8E2E-3731E851F90A}.Release|Any CPU.Build.0 = Release|Any CPU
		{CACDC011-CFC6-45C0-AD92-0192AD153A2D}.Debug|Any CPU.ActiveCfg = Debug|Any CPU
		{CACDC011-CFC6-45C0-AD92-0192AD153A2D}.Debug|Any CPU.Build.0 = Debug|Any CPU
		{CACDC011-CFC6-45C0-AD92-0192AD153A2D}.Release|Any CPU.ActiveCfg = Release|Any CPU
		{CACDC011-CFC6-45C0-AD92-0192AD153A2D}.Release|Any CPU.Build.0 = Release|Any CPU
	EndGlobalSection
	GlobalSection(SolutionProperties) = preSolution
		HideSolutionNode = FALSE
	EndGlobalSection
	GlobalSection(NestedProjects) = preSolution
		{059E514B-968E-4697-A858-1B24B8873FA1} = {341FE9F5-66D1-4CE8-B750-8F6E4413F4B6}
		{A5B5AB0D-90ED-46AC-8E2E-3731E851F90A} = {7141D0F2-B393-4033-82B5-FDB684D6C023}
		{CACDC011-CFC6-45C0-AD92-0192AD153A2D} = {5FFBB3D5-0AA3-4238-B8F7-00189180919D}
	EndGlobalSection
	GlobalSection(ExtensibilityGlobals) = postSolution
		SolutionGuid = {D673ACC1-558E-4895-BB77-A6DC324C29C1}
	EndGlobalSection
EndGlobal
